{
  "nodes": {
    "nixpkgs": {
      "locked": {
        "lastModified": 1750008367,
        "narHash": "sha256-E/rIWnaf2nnYGd2DsFUcV9UU1Ll8A2O/icUmm+B6LpI=",
        "owner": "loongson-community",
        "repo": "nixpkgs",
        "rev": "4aa8b4746ea1caa135a6a046500d9e9e8739eff1",
        "type": "github"
      },
      "original": {
        "owner": "loongson-community",
        "ref": "loong-master",
        "repo": "nixpkgs",
        "type": "github"
      }
    },
    "root": {
      "inputs": {
        "nixpkgs": "nixpkgs"
      }
    }
  },
  "root": "root",
  "version": 7
}
